dependencies:
- name: victoria-metrics-operator
  repository: https://victoriametrics.github.io/helm-charts/
  version: 0.67.3
- name: altinity-clickhouse-operator
  repository: https://helm.altinity.com
  version: 0.27.3
- name: pg-operator
  repository: https://percona.github.io/percona-helm-charts/
  version: 3.1.0
digest: sha256:01b4743833589ed4aceab1091f01ce5dece126a9a107bc8dd62ac5fe3f17db7b
generated: "2026-09-14T12:29:31.431274+02:00"
