dependencies:
- name: victoria-metrics-cluster
  repository: https://victoriametrics.github.io/helm-charts/
  version: 0.29.4
- name: victoria-metrics-agent
  repository: https://victoriametrics.github.io/helm-charts/
  version: 0.26.4
- name: altinity-clickhouse-operator
  repository: https://helm.altinity.com
  version: 0.25.4
- name: haproxy
  repository: https://haproxytech.github.io/helm-charts/
  version: 1.24.0
- name: pg-db
  repository: file://charts/pg-db
  version: 2.5.2
- name: pg-operator
  repository: file://charts/pg-operator
  version: 2.5.0
digest: sha256:8ae6c4e1d5e38670605c7d72c24cb1e9d8814c38ed66941e80fd00ad1e9a4c69
generated: "2025-11-17T11:13:21.043266+01:00"
