dependencies:
- name: common
  repository: file://charts/common
  version: 0.0.11
- name: everest-db-namespace
  repository: file://charts/everest-db-namespace
  version: 0.0.0
- name: kube-state-metrics
  repository: https://prometheus-community.github.io/helm-charts
  version: 5.27.0
- name: victoria-metrics-operator
  repository: https://victoriametrics.github.io/helm-charts
  version: 0.37.0
digest: sha256:54860d2efc9709c4b9808b3f3929e5dc1e744681c9c81c40f698d2d06cf184ff
generated: "2024-12-12T20:56:54.266112+05:30"
