dependencies:
- name: common
  repository: file://charts/common
  version: 0.0.15
- name: everest-db-namespace
  repository: file://charts/everest-db-namespace
  version: 0.0.0
- name: kube-state-metrics
  repository: https://prometheus-community.github.io/helm-charts
  version: 5.27.0
- name: victoria-metrics-operator
  repository: https://victoriametrics.github.io/helm-charts
  version: 0.43.0
- name: pmm
  repository: https://percona.github.io/percona-helm-charts
  version: 1.3.21
- name: olm
  repository: file://charts/everest-olm
  version: 0.0.1
- name: everest-crds
  repository: file://charts/everest-crds
  version: 0.0.0
digest: sha256:41602e6bd0cf56217ec21bcc8988d2a3340284f75f05a283beb3914942274af7
generated: "2025-05-15T12:36:36.046859+05:30"
